<?xml version="1.0" encoding="UTF-8" standalone="yes" ?>
<CodeBlocks_project_file>
	<FileVersion major="1" minor="6" />
	<Project>
		<Option title="Gimnasio" />
		<Option pch_mode="2" />
		<Option compiler="gcc" />
		<Option virtualFolders="Managers.h/;Archivos.h/;Archivos.cpp/;Menus.h/;Menus.cpp/;Managers.cpp/" />
		<Build>
			<Target title="Debug">
				<Option output="bin/Debug/Gimnasio" prefix_auto="1" extension_auto="1" />
				<Option object_output="obj/Debug/" />
				<Option type="1" />
				<Option compiler="gcc" />
				<Compiler>
					<Add option="-g" />
				</Compiler>
			</Target>
			<Target title="Release">
				<Option output="bin/Release/Gimnasio" prefix_auto="1" extension_auto="1" />
				<Option object_output="obj/Release/" />
				<Option type="1" />
				<Option compiler="gcc" />
				<Compiler>
					<Add option="-O2" />
				</Compiler>
				<Linker>
					<Add option="-s" />
				</Linker>
			</Target>
		</Build>
		<Compiler>
			<Add option="-Wall" />
			<Add option="-fexceptions" />
		</Compiler>
		<Unit filename="Actividad.cpp" />
		<Unit filename="Actividad.h" />
		<Unit filename="ArchivoActividad.cpp">
			<Option virtualFolder="Archivos.cpp/" />
		</Unit>
		<Unit filename="ArchivoActividad.h" />
		<Unit filename="ArchivoInscripcion.cpp">
			<Option virtualFolder="Archivos.cpp/" />
		</Unit>
		<Unit filename="ArchivoInscripcion.h">
			<Option virtualFolder="Archivos.h/" />
			<Option target="&lt;{~None~}&gt;" />
		</Unit>
		<Unit filename="ArchivoPlan.cpp">
			<Option virtualFolder="Archivos.cpp/" />
		</Unit>
		<Unit filename="ArchivoPlan.h">
			<Option virtualFolder="Archivos.h/" />
			<Option target="&lt;{~None~}&gt;" />
		</Unit>
		<Unit filename="ArchivoSocio.cpp">
			<Option virtualFolder="Archivos.cpp/" />
		</Unit>
		<Unit filename="ArchivoSocio.h">
			<Option virtualFolder="Archivos.h/" />
			<Option target="&lt;{~None~}&gt;" />
		</Unit>
		<Unit filename="ArchivoTutor.cpp">
			<Option virtualFolder="Archivos.cpp/" />
		</Unit>
		<Unit filename="ArchivoTutor.h">
			<Option virtualFolder="Archivos.h/" />
			<Option target="&lt;{~None~}&gt;" />
		</Unit>
		<Unit filename="Domicilio.cpp" />
		<Unit filename="Domicilio.h">
			<Option target="&lt;{~None~}&gt;" />
		</Unit>
		<Unit filename="Fecha.cpp" />
		<Unit filename="Fecha.h">
			<Option target="&lt;{~None~}&gt;" />
		</Unit>
		<Unit filename="Horario.cpp" />
		<Unit filename="Horario.h" />
		<Unit filename="Inscripcion.cpp" />
		<Unit filename="Inscripcion.h">
			<Option target="&lt;{~None~}&gt;" />
		</Unit>
		<Unit filename="ManagerActividad.cpp">
			<Option virtualFolder="Managers.cpp/" />
		</Unit>
		<Unit filename="ManagerActividad.h">
			<Option virtualFolder="Managers.h/" />
		</Unit>
		<Unit filename="ManagerSocio.cpp">
			<Option virtualFolder="Managers.cpp/" />
		</Unit>
		<Unit filename="ManagerSocio.h">
			<Option virtualFolder="Managers.h/" />
		</Unit>
		<Unit filename="Menu.cpp">
			<Option virtualFolder="Menus.cpp/" />
		</Unit>
		<Unit filename="Menu.h">
			<Option virtualFolder="Menus.h/" />
		</Unit>
		<Unit filename="MenuPrincipal.cpp">
			<Option virtualFolder="Menus.cpp/" />
		</Unit>
		<Unit filename="MenuPrincipal.h">
			<Option virtualFolder="Menus.h/" />
		</Unit>
		<Unit filename="Persona.cpp" />
		<Unit filename="Persona.h">
			<Option target="&lt;{~None~}&gt;" />
		</Unit>
		<Unit filename="Plan.h" />
		<Unit filename="Socio.cpp" />
		<Unit filename="Socio.h">
			<Option target="&lt;{~None~}&gt;" />
		</Unit>
		<Unit filename="SubMenuActividades.cpp">
			<Option virtualFolder="Menus.cpp/" />
		</Unit>
		<Unit filename="SubMenuActividades.h">
			<Option virtualFolder="Menus.h/" />
		</Unit>
		<Unit filename="SubMenuConfiguraciones.cpp">
			<Option virtualFolder="Menus.cpp/" />
		</Unit>
		<Unit filename="SubMenuConfiguraciones.h">
			<Option virtualFolder="Menus.h/" />
		</Unit>
		<Unit filename="SubMenuInformes.cpp">
			<Option virtualFolder="Menus.cpp/" />
		</Unit>
		<Unit filename="SubMenuInformes.h">
			<Option virtualFolder="Menus.h/" />
		</Unit>
		<Unit filename="SubMenuInscripciones.cpp">
			<Option virtualFolder="Menus.cpp/" />
		</Unit>
		<Unit filename="SubMenuInscripciones.h">
			<Option virtualFolder="Menus.h/" />
		</Unit>
		<Unit filename="SubMenuPlanes.cpp">
			<Option virtualFolder="Menus.cpp/" />
		</Unit>
		<Unit filename="SubMenuPlanes.h">
			<Option virtualFolder="Menus.h/" />
		</Unit>
		<Unit filename="SubMenuSocios.cpp">
			<Option virtualFolder="Menus.cpp/" />
		</Unit>
		<Unit filename="SubMenuSocios.h">
			<Option virtualFolder="Menus.h/" />
		</Unit>
		<Unit filename="SubMenuTutores.cpp">
			<Option virtualFolder="Menus.cpp/" />
		</Unit>
		<Unit filename="SubMenuTutores.h">
			<Option virtualFolder="Menus.h/" />
		</Unit>
		<Unit filename="Tutor.cpp" />
		<Unit filename="Tutor.h" />
		<Unit filename="main.cpp" />
		<Extensions>
			<lib_finder disable_auto="1" />
		</Extensions>
	</Project>
</CodeBlocks_project_file>
