<?xml version="1.0" encoding="UTF-8" standalone="yes" ?>
<CodeBlocks_project_file>
	<FileVersion major="1" minor="6" />
	<Project>
		<Option title="Gimnasio" />
		<Option pch_mode="2" />
		<Option compiler="gcc" />
		<Build>
			<Target title="Debug">
				<Option output="bin/Debug/Gimnasio" prefix_auto="1" extension_auto="1" />
				<Option object_output="obj/Debug/" />
				<Option type="1" />
				<Option compiler="gcc" />
				<Compiler>
					<Add option="-g" />
				</Compiler>
			</Target>
			<Target title="Release">
				<Option output="bin/Release/Gimnasio" prefix_auto="1" extension_auto="1" />
				<Option object_output="obj/Release/" />
				<Option type="1" />
				<Option compiler="gcc" />
				<Compiler>
					<Add option="-O2" />
				</Compiler>
				<Linker>
					<Add option="-s" />
				</Linker>
			</Target>
		</Build>
		<Compiler>
			<Add option="-Wall" />
			<Add option="-fexceptions" />
		</Compiler>
		<Unit filename="Actividad.cpp" />
		<Unit filename="Actividad.h" />
		<Unit filename="Domicilio.cpp" />
		<Unit filename="Domicilio.h">
			<Option target="&lt;{~None~}&gt;" />
		</Unit>
		<Unit filename="Fecha.cpp" />
		<Unit filename="Fecha.h">
			<Option target="&lt;{~None~}&gt;" />
		</Unit>
		<Unit filename="Horario.cpp" />
		<Unit filename="Horario.h">
			<Option target="&lt;{~None~}&gt;" />
		</Unit>
		<Unit filename="Menu.cpp" />
		<Unit filename="Menu.h" />
		<Unit filename="MenuPrincipal.cpp" />
		<Unit filename="MenuPrincipal.h" />
		<Unit filename="Persona.cpp" />
		<Unit filename="Persona.h">
			<Option target="&lt;{~None~}&gt;" />
		</Unit>
		<Unit filename="Plan.h" />
		<Unit filename="Socio.cpp" />
		<Unit filename="Socio.h">
			<Option target="&lt;{~None~}&gt;" />
		</Unit>
		<Unit filename="SubMenuActividades.cpp" />
		<Unit filename="SubMenuActividades.h" />
		<Unit filename="SubMenuConfiguraciones.cpp" />
		<Unit filename="SubMenuConfiguraciones.h" />
		<Unit filename="SubMenuInformes.cpp" />
		<Unit filename="SubMenuInformes.h" />
		<Unit filename="SubMenuInscripciones.cpp" />
		<Unit filename="SubMenuInscripciones.h" />
		<Unit filename="SubMenuPlanes.cpp" />
		<Unit filename="SubMenuPlanes.h" />
		<Unit filename="SubMenuSocios.cpp" />
		<Unit filename="SubMenuSocios.h" />
		<Unit filename="SubMenuTutores.cpp" />
		<Unit filename="SubMenuTutores.h" />
		<Unit filename="Tutor.cpp" />
		<Unit filename="Tutor.h">
			<Option target="&lt;{~None~}&gt;" />
		</Unit>
		<Unit filename="main.cpp" />
		<Extensions>
			<lib_finder disable_auto="1" />
		</Extensions>
	</Project>
</CodeBlocks_project_file>
